{
  "nodes": {
    "chrisbra-colorizer": {
      "flake": false,
      "locked": {
        "lastModified": 1732282156,
        "narHash": "sha256-zHtJFbcNn/3c7nRyh7BqPxd/ZfXiK5JHt83Na709gWU=",
        "ref": "refs/heads/master",
        "rev": "4927c85d72917dc112453e8d54012aaa90d58e98",
        "revCount": 350,
        "type": "git",
        "url": "https://github.com/chrisbra/colorizer"
      },
      "original": {
        "type": "git",
        "url": "https://github.com/chrisbra/colorizer"
      }
    },
    "co-author": {
      "flake": false,
      "locked": {
        "lastModified": 1721370241,
        "narHash": "sha256-ItUjSbuTNUSRKV3Ei77y4jH6hPJQNMP1bpcmv7GtTR8=",
        "ref": "refs/heads/main",
        "rev": "db0debbde453c0ce10d1b925cd9f3139e4291c42",
        "revCount": 36,
        "type": "git",
        "url": "https://github.com/2KAbhishek/co-author.nvim"
      },
      "original": {
        "type": "git",
        "url": "https://github.com/2KAbhishek/co-author.nvim"
      }
    },
    "conform": {
      "flake": false,
      "locked": {
        "lastModified": 1732487744,
        "narHash": "sha256-GmKhbXWw61qCkYYvQeYOA590DmSfyQi4Ec3REGSLqq8=",
        "ref": "refs/heads/master",
        "rev": "a203480a350b03092e473bf3001733d547160a73",
        "revCount": 601,
        "type": "git",
        "url": "https://github.com/stevearc/conform.nvim"
      },
      "original": {
        "type": "git",
        "url": "https://github.com/stevearc/conform.nvim"
      }
    },
    "conjure": {
      "flake": false,
      "locked": {
        "lastModified": 1732282232,
        "narHash": "sha256-UoDglpphTxUTM5RX/Dx8suStYMZHTRdabA5qFskMwZU=",
        "ref": "refs/heads/main",
        "rev": "9197941c0ef05bd594bf8fbcc907129361ed456f",
        "revCount": 2687,
        "type": "git",
        "url": "https://github.com/Olical/conjure"
      },
      "original": {
        "type": "git",
        "url": "https://github.com/Olical/conjure"
      }
    },
    "flake-compat": {
      "flake": false,
      "locked": {
        "lastModified": 1732722421,
        "narHash": "sha256-HRJ/18p+WoXpWJkcdsk9St5ZiukCqSDgbOGFa8Okehg=",
        "owner": "edolstra",
        "repo": "flake-compat",
        "rev": "9ed2ac151eada2306ca8c418ebd97807bb08f6ac",
        "type": "github"
      },
      "original": {
        "owner": "edolstra",
        "repo": "flake-compat",
        "type": "github"
      }
    },
    "flake-compat_2": {
      "flake": false,
      "locked": {
        "lastModified": 1696426674,
        "narHash": "sha256-kvjfFW7WAETZlt09AgDn1MrtKzP7t90Vf7vypd3OL1U=",
        "owner": "edolstra",
        "repo": "flake-compat",
        "rev": "0f9255e01c2351cc7d116c072cb317785dd33b33",
        "type": "github"
      },
      "original": {
        "owner": "edolstra",
        "repo": "flake-compat",
        "type": "github"
      }
    },
    "flake-parts": {
      "inputs": {
        "nixpkgs-lib": [
          "neovim-nightly-overlay",
          "nixpkgs"
        ]
      },
      "locked": {
        "lastModified": 1730504689,
        "narHash": "sha256-hgmguH29K2fvs9szpq2r3pz2/8cJd2LPS+b4tfNFCwE=",
        "owner": "hercules-ci",
        "repo": "flake-parts",
        "rev": "506278e768c2a08bec68eb62932193e341f55c90",
        "type": "github"
      },
      "original": {
        "owner": "hercules-ci",
        "repo": "flake-parts",
        "type": "github"
      }
    },
    "flake-parts_2": {
      "inputs": {
        "nixpkgs-lib": [
          "neovim-nightly-overlay",
          "hercules-ci-effects",
          "nixpkgs"
        ]
      },
      "locked": {
        "lastModified": 1712014858,
        "narHash": "sha256-sB4SWl2lX95bExY2gMFG5HIzvva5AVMJd4Igm+GpZNw=",
        "owner": "hercules-ci",
        "repo": "flake-parts",
        "rev": "9126214d0a59633752a136528f5f3b9aa8565b7d",
        "type": "github"
      },
      "original": {
        "id": "flake-parts",
        "type": "indirect"
      }
    },
    "git-hooks": {
      "inputs": {
        "flake-compat": "flake-compat_2",
        "gitignore": "gitignore",
        "nixpkgs": [
          "neovim-nightly-overlay",
          "nixpkgs"
        ],
        "nixpkgs-stable": [
          "neovim-nightly-overlay",
          "nixpkgs"
        ]
      },
      "locked": {
        "lastModified": 1732021966,
        "narHash": "sha256-mnTbjpdqF0luOkou8ZFi2asa1N3AA2CchR/RqCNmsGE=",
        "owner": "cachix",
        "repo": "git-hooks.nix",
        "rev": "3308484d1a443fc5bc92012435d79e80458fe43c",
        "type": "github"
      },
      "original": {
        "owner": "cachix",
        "repo": "git-hooks.nix",
        "type": "github"
      }
    },
    "gitignore": {
      "inputs": {
        "nixpkgs": [
          "neovim-nightly-overlay",
          "git-hooks",
          "nixpkgs"
        ]
      },
      "locked": {
        "lastModified": 1709087332,
        "narHash": "sha256-HG2cCnktfHsKV0s4XW83gU3F57gaTljL9KNSuG6bnQs=",
        "owner": "hercules-ci",
        "repo": "gitignore.nix",
        "rev": "637db329424fd7e46cf4185293b9cc8c88c95394",
        "type": "github"
      },
      "original": {
        "owner": "hercules-ci",
        "repo": "gitignore.nix",
        "type": "github"
      }
    },
    "hercules-ci-effects": {
      "inputs": {
        "flake-parts": "flake-parts_2",
        "nixpkgs": [
          "neovim-nightly-overlay",
          "nixpkgs"
        ]
      },
      "locked": {
        "lastModified": 1730903510,
        "narHash": "sha256-mnynlrPeiW0nUQ8KGZHb3WyxAxA3Ye/BH8gMjdoKP6E=",
        "owner": "hercules-ci",
        "repo": "hercules-ci-effects",
        "rev": "b89ac4d66d618b915b1f0a408e2775fe3821d141",
        "type": "github"
      },
      "original": {
        "owner": "hercules-ci",
        "repo": "hercules-ci-effects",
        "type": "github"
      }
    },
    "home-manager": {
      "inputs": {
        "nixpkgs": [
          "nixpkgs"
        ]
      },
      "locked": {
        "lastModified": 1733043896,
        "narHash": "sha256-UUACIrku5m2ENNr2opNY9dwZ3tHxHMI6yUhkUhM3v4E=",
        "owner": "nix-community",
        "repo": "home-manager",
        "rev": "8eeda281e70cbadabb7f0095c5f34e354e85f307",
        "type": "github"
      },
      "original": {
        "owner": "nix-community",
        "repo": "home-manager",
        "type": "github"
      }
    },
    "musnix": {
      "inputs": {
        "nixpkgs": [
          "nixpkgs"
        ]
      },
      "locked": {
        "lastModified": 1732661062,
        "narHash": "sha256-E8mk/P0wUpHXy7tDQqUzbpa9IJoN/DmA1a6iFBuXqgI=",
        "owner": "musnix",
        "repo": "musnix",
        "rev": "629dcc6010365cfd268702065c2f8149ae19ea02",
        "type": "github"
      },
      "original": {
        "owner": "musnix",
        "repo": "musnix",
        "type": "github"
      }
    },
    "neovim-nightly-overlay": {
      "inputs": {
        "flake-compat": "flake-compat",
        "flake-parts": "flake-parts",
        "git-hooks": "git-hooks",
        "hercules-ci-effects": "hercules-ci-effects",
        "neovim-src": "neovim-src",
        "nixpkgs": [
          "nixpkgs"
        ]
      },
      "locked": {
        "lastModified": 1733012044,
        "narHash": "sha256-uA/KX/TVlreFS/xZjjAPBoRzybQQWUX+Ur5mOzsF7FE=",
        "owner": "nix-community",
        "repo": "neovim-nightly-overlay",
        "rev": "0d545972c93c044bed52c27cc4035054793d913a",
        "type": "github"
      },
      "original": {
        "owner": "nix-community",
        "repo": "neovim-nightly-overlay",
        "type": "github"
      }
    },
    "neovim-src": {
      "flake": false,
      "locked": {
        "lastModified": 1732970806,
        "narHash": "sha256-VKk53/3aTk91s1OmSfUt6RqFpxBjUy8ZYoYrechTUns=",
        "owner": "neovim",
        "repo": "neovim",
        "rev": "ab9cfc4dc3422af5235759efef456d3e02745217",
        "type": "github"
      },
      "original": {
        "owner": "neovim",
        "repo": "neovim",
        "type": "github"
      }
    },
    "nfnl": {
      "flake": false,
      "locked": {
        "lastModified": 1732291663,
        "narHash": "sha256-o8KQ5hfQhfQ2Rv2zm4MCEPpTVP566hEgoPtv2s1EWoE=",
        "ref": "refs/heads/main",
        "rev": "dc3d2772b60df2ce96816c5a3de84c116028cf31",
        "revCount": 244,
        "type": "git",
        "url": "https://github.com/Olical/nfnl"
      },
      "original": {
        "type": "git",
        "url": "https://github.com/Olical/nfnl"
      }
    },
    "nix-darwin": {
      "inputs": {
        "nixpkgs": [
          "nixpkgs"
        ]
      },
      "locked": {
        "lastModified": 1730184279,
        "narHash": "sha256-6OB+WWR6gnaWiqSS28aMJypKeK7Pjc2Wm6L0MtOrTuA=",
        "owner": "LnL7",
        "repo": "nix-darwin",
        "rev": "b379bd4d872d159e5189053ce9a4adf86d56db4b",
        "type": "github"
      },
      "original": {
        "owner": "LnL7",
        "repo": "nix-darwin",
        "type": "github"
      }
    },
    "nixos-hardware": {
      "locked": {
        "lastModified": 1732483221,
        "narHash": "sha256-kF6rDeCshoCgmQz+7uiuPdREVFuzhIorGOoPXMalL2U=",
        "owner": "NixOS",
        "repo": "nixos-hardware",
        "rev": "45348ad6fb8ac0e8415f6e5e96efe47dd7f39405",
        "type": "github"
      },
      "original": {
        "owner": "NixOS",
        "ref": "master",
        "repo": "nixos-hardware",
        "type": "github"
      }
    },
    "nixpkgs": {
      "locked": {
        "lastModified": 1732837521,
        "narHash": "sha256-jNRNr49UiuIwaarqijgdTR2qLPifxsVhlJrKzQ8XUIE=",
        "owner": "nixos",
        "repo": "nixpkgs",
        "rev": "970e93b9f82e2a0f3675757eb0bfc73297cc6370",
        "type": "github"
      },
      "original": {
        "owner": "nixos",
        "ref": "nixos-unstable",
        "repo": "nixpkgs",
        "type": "github"
      }
    },
    "nixpkgs-betaflight": {
      "locked": {
        "lastModified": 1707336555,
        "narHash": "sha256-1fVG76c48mWeUBI3IQvRFCSrmyVyEc9dEIi5sky98Sg=",
        "owner": "nixos",
        "repo": "nixpkgs",
        "rev": "c9223ea44c223379f22a091c57700fa378a758df",
        "type": "github"
      },
      "original": {
        "owner": "nixos",
        "repo": "nixpkgs",
        "rev": "c9223ea44c223379f22a091c57700fa378a758df",
        "type": "github"
      }
    },
    "none-ls": {
      "flake": false,
      "locked": {
        "lastModified": 1733012947,
        "narHash": "sha256-jf8+tdqscLpL8+PnoW4WXEp2koDzI9m2mZ/nVVInAXo=",
        "ref": "refs/heads/main",
        "rev": "8fd7b29648a48502f1aa72ffe0c19e56069258c6",
        "revCount": 2239,
        "type": "git",
        "url": "https://github.com/nvimtools/none-ls.nvim"
      },
      "original": {
        "type": "git",
        "url": "https://github.com/nvimtools/none-ls.nvim"
      }
    },
    "nvim-grey": {
      "flake": false,
      "locked": {
        "lastModified": 1728419567,
        "narHash": "sha256-5KENky1FtpOoWc8a7MhxPNzmwNa7XLPLYqLfBEE0cj8=",
        "ref": "refs/heads/main",
        "rev": "197707ef88bc3fd62d743723d9213fcb1f9238ec",
        "revCount": 122,
        "type": "git",
        "url": "https://github.com/yorickpeterse/nvim-grey"
      },
      "original": {
        "type": "git",
        "url": "https://github.com/yorickpeterse/nvim-grey"
      }
    },
    "other-nvim": {
      "flake": false,
      "locked": {
        "lastModified": 1733008756,
        "narHash": "sha256-mHN1anRlOBN0Wvl2T8zBHV7BfMLH7C8dmTIqBTzr414=",
        "ref": "refs/heads/main",
        "rev": "933aa489ad02f8f973269a565bfea16cc784cbbf",
        "revCount": 120,
        "type": "git",
        "url": "https://github.com/rgroli/other.nvim"
      },
      "original": {
        "type": "git",
        "url": "https://github.com/rgroli/other.nvim"
      }
    },
    "root": {
      "inputs": {
        "chrisbra-colorizer": "chrisbra-colorizer",
        "co-author": "co-author",
        "conform": "conform",
        "conjure": "conjure",
        "home-manager": "home-manager",
        "musnix": "musnix",
        "neovim-nightly-overlay": "neovim-nightly-overlay",
        "nfnl": "nfnl",
        "nix-darwin": "nix-darwin",
        "nixos-hardware": "nixos-hardware",
        "nixpkgs": "nixpkgs",
        "nixpkgs-betaflight": "nixpkgs-betaflight",
        "none-ls": "none-ls",
        "nvim-grey": "nvim-grey",
        "other-nvim": "other-nvim",
        "tsc-nvim": "tsc-nvim",
        "vim-rest-console": "vim-rest-console",
        "wiki-vim": "wiki-vim"
      }
    },
    "tsc-nvim": {
      "flake": false,
      "locked": {
        "lastModified": 1723644951,
        "narHash": "sha256-mpJWipLdqxoMe0ixMnhgZguKQK+1iCqH5/v2NQ4vypE=",
        "ref": "refs/heads/main",
        "rev": "82c37ebfe45d30763db6f45b54e18f1e485bb52c",
        "revCount": 41,
        "type": "git",
        "url": "https://github.com/dmmulroy/tsc.nvim"
      },
      "original": {
        "type": "git",
        "url": "https://github.com/dmmulroy/tsc.nvim"
      }
    },
    "vim-rest-console": {
      "flake": false,
      "locked": {
        "lastModified": 1553296776,
        "narHash": "sha256-Us7LLK/GJsFyIIROGn4y0k8c3yz+Y/X+WWwHcRqL+PQ=",
        "ref": "refs/heads/master",
        "rev": "7b407f47185468d1b57a8bd71cdd66c9a99359b2",
        "revCount": 104,
        "type": "git",
        "url": "https://github.com/diepm/vim-rest-console"
      },
      "original": {
        "type": "git",
        "url": "https://github.com/diepm/vim-rest-console"
      }
    },
    "wiki-vim": {
      "flake": false,
      "locked": {
        "lastModified": 1732917823,
        "narHash": "sha256-ikW5NWmCo/ZaoNIrf6+CcVmYo0AjWFwIU4EGD0KMnRg=",
        "ref": "refs/heads/master",
        "rev": "b407abedab7d625a1b7e7d514f0b9bed301c0c68",
        "revCount": 1277,
        "type": "git",
        "url": "https://github.com/lervag/wiki.vim"
      },
      "original": {
        "type": "git",
        "url": "https://github.com/lervag/wiki.vim"
      }
    }
  },
  "root": "root",
  "version": 7
}
