{
  "nodes": {
    "chrisbra-colorizer": {
      "flake": false,
      "locked": {
        "lastModified": 1705584401,
        "narHash": "sha256-mY+p8qDnUffyVHycdH/AkuQygHcf2bfvC3COCE3vqA0=",
        "ref": "refs/heads/master",
        "rev": "7db0e0dd8adfccab35655f5b6db805caa0fef49a",
        "revCount": 346,
        "type": "git",
        "url": "https://github.com/chrisbra/colorizer"
      },
      "original": {
        "type": "git",
        "url": "https://github.com/chrisbra/colorizer"
      }
    },
    "co-author": {
      "flake": false,
      "locked": {
        "lastModified": 1721370241,
        "narHash": "sha256-ItUjSbuTNUSRKV3Ei77y4jH6hPJQNMP1bpcmv7GtTR8=",
        "ref": "refs/heads/main",
        "rev": "db0debbde453c0ce10d1b925cd9f3139e4291c42",
        "revCount": 36,
        "type": "git",
        "url": "https://github.com/2KAbhishek/co-author.nvim"
      },
      "original": {
        "type": "git",
        "url": "https://github.com/2KAbhishek/co-author.nvim"
      }
    },
    "conform": {
      "flake": false,
      "locked": {
        "lastModified": 1728020586,
        "narHash": "sha256-PMwyVSYZUyIrP8vaXvyCN2R2+Z2u6405YoNCggSG6HA=",
        "ref": "refs/heads/master",
        "rev": "40d4e98fcc3e6f485f0e8924c63734bc7e305967",
        "revCount": 567,
        "type": "git",
        "url": "https://github.com/stevearc/conform.nvim"
      },
      "original": {
        "type": "git",
        "url": "https://github.com/stevearc/conform.nvim"
      }
    },
    "conjure": {
      "flake": false,
      "locked": {
        "lastModified": 1723213874,
        "narHash": "sha256-cxA9kzio1bxisse+6TVgxKuajmOWykvL1ZGjz8gS0z0=",
        "ref": "refs/heads/master",
        "rev": "6d2bc7f7b24c2c43d54f263bee7b9b08aef5d1a1",
        "revCount": 2538,
        "type": "git",
        "url": "https://github.com/Olical/conjure"
      },
      "original": {
        "type": "git",
        "url": "https://github.com/Olical/conjure"
      }
    },
    "flake-compat": {
      "flake": false,
      "locked": {
        "lastModified": 1696426674,
        "narHash": "sha256-kvjfFW7WAETZlt09AgDn1MrtKzP7t90Vf7vypd3OL1U=",
        "owner": "edolstra",
        "repo": "flake-compat",
        "rev": "0f9255e01c2351cc7d116c072cb317785dd33b33",
        "type": "github"
      },
      "original": {
        "owner": "edolstra",
        "repo": "flake-compat",
        "type": "github"
      }
    },
    "flake-compat_2": {
      "flake": false,
      "locked": {
        "lastModified": 1696426674,
        "narHash": "sha256-kvjfFW7WAETZlt09AgDn1MrtKzP7t90Vf7vypd3OL1U=",
        "owner": "edolstra",
        "repo": "flake-compat",
        "rev": "0f9255e01c2351cc7d116c072cb317785dd33b33",
        "type": "github"
      },
      "original": {
        "owner": "edolstra",
        "repo": "flake-compat",
        "type": "github"
      }
    },
    "flake-parts": {
      "inputs": {
        "nixpkgs-lib": [
          "neovim-nightly-overlay",
          "nixpkgs"
        ]
      },
      "locked": {
        "lastModified": 1727826117,
        "narHash": "sha256-K5ZLCyfO/Zj9mPFldf3iwS6oZStJcU4tSpiXTMYaaL0=",
        "owner": "hercules-ci",
        "repo": "flake-parts",
        "rev": "3d04084d54bedc3d6b8b736c70ef449225c361b1",
        "type": "github"
      },
      "original": {
        "owner": "hercules-ci",
        "repo": "flake-parts",
        "type": "github"
      }
    },
    "flake-parts_2": {
      "inputs": {
        "nixpkgs-lib": [
          "neovim-nightly-overlay",
          "hercules-ci-effects",
          "nixpkgs"
        ]
      },
      "locked": {
        "lastModified": 1712014858,
        "narHash": "sha256-sB4SWl2lX95bExY2gMFG5HIzvva5AVMJd4Igm+GpZNw=",
        "owner": "hercules-ci",
        "repo": "flake-parts",
        "rev": "9126214d0a59633752a136528f5f3b9aa8565b7d",
        "type": "github"
      },
      "original": {
        "id": "flake-parts",
        "type": "indirect"
      }
    },
    "git-hooks": {
      "inputs": {
        "flake-compat": "flake-compat_2",
        "gitignore": "gitignore",
        "nixpkgs": [
          "neovim-nightly-overlay",
          "nixpkgs"
        ],
        "nixpkgs-stable": [
          "neovim-nightly-overlay",
          "nixpkgs"
        ]
      },
      "locked": {
        "lastModified": 1727805723,
        "narHash": "sha256-b8flytpuc4Ey/g3mcvpS/ICORcD4h56QDZeP5LogevY=",
        "owner": "cachix",
        "repo": "git-hooks.nix",
        "rev": "2f5ae3fc91db865eff2c5a418da85a0fbe6238a3",
        "type": "github"
      },
      "original": {
        "owner": "cachix",
        "repo": "git-hooks.nix",
        "type": "github"
      }
    },
    "gitignore": {
      "inputs": {
        "nixpkgs": [
          "neovim-nightly-overlay",
          "git-hooks",
          "nixpkgs"
        ]
      },
      "locked": {
        "lastModified": 1709087332,
        "narHash": "sha256-HG2cCnktfHsKV0s4XW83gU3F57gaTljL9KNSuG6bnQs=",
        "owner": "hercules-ci",
        "repo": "gitignore.nix",
        "rev": "637db329424fd7e46cf4185293b9cc8c88c95394",
        "type": "github"
      },
      "original": {
        "owner": "hercules-ci",
        "repo": "gitignore.nix",
        "type": "github"
      }
    },
    "hercules-ci-effects": {
      "inputs": {
        "flake-parts": "flake-parts_2",
        "nixpkgs": [
          "neovim-nightly-overlay",
          "nixpkgs"
        ]
      },
      "locked": {
        "lastModified": 1724947644,
        "narHash": "sha256-MHHrHasTngp7EYQOObHJ1a/IsRF+wodHqOckhH6uZbk=",
        "owner": "hercules-ci",
        "repo": "hercules-ci-effects",
        "rev": "dba4367b9a9d9615456c430a6d6af716f6e84cef",
        "type": "github"
      },
      "original": {
        "owner": "hercules-ci",
        "repo": "hercules-ci-effects",
        "type": "github"
      }
    },
    "home-manager": {
      "inputs": {
        "nixpkgs": [
          "nixpkgs"
        ]
      },
      "locked": {
        "lastModified": 1728041527,
        "narHash": "sha256-03liqiJtk9UP7YQHW4r8MduKCK242FQzud8iWvvlK+o=",
        "owner": "nix-community",
        "repo": "home-manager",
        "rev": "509dbf8d45606b618e9ec3bbe4e936b7c5bc6c1e",
        "type": "github"
      },
      "original": {
        "owner": "nix-community",
        "repo": "home-manager",
        "type": "github"
      }
    },
    "musnix": {
      "inputs": {
        "nixpkgs": [
          "nixpkgs"
        ]
      },
      "locked": {
        "lastModified": 1726445087,
        "narHash": "sha256-QlwwAYno5975QCWzsJ7Ni+I1xvXciEGOl/OAQMCwEUQ=",
        "owner": "musnix",
        "repo": "musnix",
        "rev": "088030af40070397ba775d5820f6b0f45856a369",
        "type": "github"
      },
      "original": {
        "owner": "musnix",
        "repo": "musnix",
        "type": "github"
      }
    },
    "neovim-nightly-overlay": {
      "inputs": {
        "flake-compat": "flake-compat",
        "flake-parts": "flake-parts",
        "git-hooks": "git-hooks",
        "hercules-ci-effects": "hercules-ci-effects",
        "neovim-src": "neovim-src",
        "nixpkgs": [
          "nixpkgs"
        ]
      },
      "locked": {
        "lastModified": 1727852635,
        "narHash": "sha256-eY0Y5ZDMo5IS+K42kMwAMCLsYHoAgPW3R4UxeGfzP0U=",
        "owner": "nix-community",
        "repo": "neovim-nightly-overlay",
        "rev": "377cf41246ee443c86c4ae48f66f5100038fe158",
        "type": "github"
      },
      "original": {
        "owner": "nix-community",
        "repo": "neovim-nightly-overlay",
        "type": "github"
      }
    },
    "neovim-src": {
      "flake": false,
      "locked": {
        "lastModified": 1727825968,
        "narHash": "sha256-7DbbGIAbJesqYEkZh2FaEo5wycZ/cRbvZP6k01Z5+ZM=",
        "owner": "neovim",
        "repo": "neovim",
        "rev": "2168d772b864fd05109fb4299e409d4bdc1df39d",
        "type": "github"
      },
      "original": {
        "owner": "neovim",
        "repo": "neovim",
        "type": "github"
      }
    },
    "nfnl": {
      "flake": false,
      "locked": {
        "lastModified": 1727376647,
        "narHash": "sha256-3CTlbvdMeLnUv0wOfubGyx+DI6yF3Eju4scDa+h2UnE=",
        "ref": "refs/heads/main",
        "rev": "60b2ab7051cf2f631bc03274b56061136d1f9177",
        "revCount": 243,
        "type": "git",
        "url": "https://github.com/Olical/nfnl"
      },
      "original": {
        "type": "git",
        "url": "https://github.com/Olical/nfnl"
      }
    },
    "nix-darwin": {
      "inputs": {
        "nixpkgs": [
          "nixpkgs"
        ]
      },
      "locked": {
        "lastModified": 1723859949,
        "narHash": "sha256-kiaGz4deGYKMjJPOji/JVvSP/eTefrIA3rAjOnOpXl4=",
        "owner": "LnL7",
        "repo": "nix-darwin",
        "rev": "076b9a905af8a52b866c8db068d6da475839d97b",
        "type": "github"
      },
      "original": {
        "owner": "LnL7",
        "repo": "nix-darwin",
        "type": "github"
      }
    },
    "nixos-hardware": {
      "locked": {
        "lastModified": 1728056216,
        "narHash": "sha256-IrO06gFUDTrTlIP3Sz+mRB6WUoO2YsgMtOD3zi0VEt0=",
        "owner": "NixOS",
        "repo": "nixos-hardware",
        "rev": "b7ca02c7565fbf6d27ff20dd6dbd49c5b82eef28",
        "type": "github"
      },
      "original": {
        "owner": "NixOS",
        "ref": "master",
        "repo": "nixos-hardware",
        "type": "github"
      }
    },
    "nixpkgs": {
      "locked": {
        "lastModified": 1728018373,
        "narHash": "sha256-NOiTvBbRLIOe5F6RbHaAh6++BNjsb149fGZd1T4+KBg=",
        "owner": "nixos",
        "repo": "nixpkgs",
        "rev": "bc947f541ae55e999ffdb4013441347d83b00feb",
        "type": "github"
      },
      "original": {
        "owner": "nixos",
        "ref": "nixos-unstable",
        "repo": "nixpkgs",
        "type": "github"
      }
    },
    "none-ls": {
      "flake": false,
      "locked": {
        "lastModified": 1727776881,
        "narHash": "sha256-3QPk7Vqh0wLsH3F6qJ2hK1a97UDzlrACuWZH+RHLrPw=",
        "ref": "refs/heads/main",
        "rev": "0e0a940477cc08fa7b1799384a1d668058ed4e61",
        "revCount": 2211,
        "type": "git",
        "url": "https://github.com/nvimtools/none-ls.nvim"
      },
      "original": {
        "type": "git",
        "url": "https://github.com/nvimtools/none-ls.nvim"
      }
    },
    "nvim-grey": {
      "flake": false,
      "locked": {
        "lastModified": 1726961136,
        "narHash": "sha256-8K/bVLH9AqOQFpJJPSsNFCIrvYjqZRRCPc3zlMqsXq8=",
        "ref": "refs/heads/main",
        "rev": "6172cea21cfbe605adf2cef211d9d4d5c295cebf",
        "revCount": 121,
        "type": "git",
        "url": "https://github.com/yorickpeterse/nvim-grey"
      },
      "original": {
        "type": "git",
        "url": "https://github.com/yorickpeterse/nvim-grey"
      }
    },
    "other-nvim": {
      "flake": false,
      "locked": {
        "lastModified": 1724700024,
        "narHash": "sha256-ezhaQO71Jr2q58qb1lUlX2xsiOhgP52N5/jD9oRckck=",
        "ref": "refs/heads/main",
        "rev": "252cc279eb3d76685ef48aaeced1c3cf9793581f",
        "revCount": 104,
        "type": "git",
        "url": "https://github.com/rgroli/other.nvim"
      },
      "original": {
        "type": "git",
        "url": "https://github.com/rgroli/other.nvim"
      }
    },
    "root": {
      "inputs": {
        "chrisbra-colorizer": "chrisbra-colorizer",
        "co-author": "co-author",
        "conform": "conform",
        "conjure": "conjure",
        "home-manager": "home-manager",
        "musnix": "musnix",
        "neovim-nightly-overlay": "neovim-nightly-overlay",
        "nfnl": "nfnl",
        "nix-darwin": "nix-darwin",
        "nixos-hardware": "nixos-hardware",
        "nixpkgs": "nixpkgs",
        "none-ls": "none-ls",
        "nvim-grey": "nvim-grey",
        "other-nvim": "other-nvim",
        "tsc-nvim": "tsc-nvim",
        "vim-rest-console": "vim-rest-console",
        "wiki-vim": "wiki-vim"
      }
    },
    "tsc-nvim": {
      "flake": false,
      "locked": {
        "lastModified": 1723644951,
        "narHash": "sha256-mpJWipLdqxoMe0ixMnhgZguKQK+1iCqH5/v2NQ4vypE=",
        "ref": "refs/heads/main",
        "rev": "82c37ebfe45d30763db6f45b54e18f1e485bb52c",
        "revCount": 41,
        "type": "git",
        "url": "https://github.com/dmmulroy/tsc.nvim"
      },
      "original": {
        "type": "git",
        "url": "https://github.com/dmmulroy/tsc.nvim"
      }
    },
    "vim-rest-console": {
      "flake": false,
      "locked": {
        "lastModified": 1553296776,
        "narHash": "sha256-Us7LLK/GJsFyIIROGn4y0k8c3yz+Y/X+WWwHcRqL+PQ=",
        "ref": "refs/heads/master",
        "rev": "7b407f47185468d1b57a8bd71cdd66c9a99359b2",
        "revCount": 104,
        "type": "git",
        "url": "https://github.com/diepm/vim-rest-console"
      },
      "original": {
        "type": "git",
        "url": "https://github.com/diepm/vim-rest-console"
      }
    },
    "wiki-vim": {
      "flake": false,
      "locked": {
        "lastModified": 1726492833,
        "narHash": "sha256-B20I25AfWr2eFO6KSy75IiFsHewZk+6jpcf2BlsH8HA=",
        "ref": "refs/heads/master",
        "rev": "8188ff7b62b7695eae44257bd6202d8494fee655",
        "revCount": 1268,
        "type": "git",
        "url": "https://github.com/lervag/wiki.vim"
      },
      "original": {
        "type": "git",
        "url": "https://github.com/lervag/wiki.vim"
      }
    }
  },
  "root": "root",
  "version": 7
}
