{
  "nodes": {
    "chrisbra-colorizer": {
      "flake": false,
      "locked": {
        "lastModified": 1759688541,
        "narHash": "sha256-2dBFBr8enmMv681gpL8HJtl57kk7v6W9QXfw36teWDY=",
        "ref": "refs/heads/master",
        "rev": "f5d69c0dea9f36e2eb025c7d86cc62b5a0d8af62",
        "revCount": 353,
        "type": "git",
        "url": "https://github.com/chrisbra/colorizer"
      },
      "original": {
        "type": "git",
        "url": "https://github.com/chrisbra/colorizer"
      }
    },
    "clay-nvim": {
      "flake": false,
      "locked": {
        "lastModified": 1747612828,
        "narHash": "sha256-iS0JEdu4jV4s8sEQ1wDoyzJNYcIa0vUSBUSJDv6qG/g=",
        "ref": "refs/heads/main",
        "rev": "6e901092e6305156a299a45c8679dc660ae30bbd",
        "revCount": 22,
        "type": "git",
        "url": "https://github.com/radovanne/clay.nvim"
      },
      "original": {
        "type": "git",
        "url": "https://github.com/radovanne/clay.nvim"
      }
    },
    "co-author": {
      "flake": false,
      "locked": {
        "lastModified": 1760590310,
        "narHash": "sha256-YP5LaXvizPWIEpZOfXUrxAFG2K3oD9sVeXHJQj6vNzo=",
        "ref": "refs/heads/main",
        "rev": "f07e2ec7b4267c1c38cecf5f209c0844373bc1cc",
        "revCount": 58,
        "type": "git",
        "url": "https://github.com/2KAbhishek/co-author.nvim"
      },
      "original": {
        "type": "git",
        "url": "https://github.com/2KAbhishek/co-author.nvim"
      }
    },
    "conform": {
      "flake": false,
      "locked": {
        "lastModified": 1763788660,
        "narHash": "sha256-vAku+af2m4P5JjEN6KeIRLdtgbR3JvARywQhf564eYw=",
        "ref": "refs/heads/master",
        "rev": "afce105eb47b0869dfafdac90d82f02ef2419d61",
        "revCount": 774,
        "type": "git",
        "url": "https://github.com/stevearc/conform.nvim"
      },
      "original": {
        "type": "git",
        "url": "https://github.com/stevearc/conform.nvim"
      }
    },
    "conjure": {
      "flake": false,
      "locked": {
        "lastModified": 1763901557,
        "narHash": "sha256-zbXOA4VaMao6Rv0+V3clXOXl37p0rr7JWPygwnvL9Qg=",
        "ref": "refs/heads/main",
        "rev": "a02dd9d510ac86c76411e4bf5d4fd49595176487",
        "revCount": 3064,
        "type": "git",
        "url": "https://github.com/Olical/conjure"
      },
      "original": {
        "type": "git",
        "url": "https://github.com/Olical/conjure"
      }
    },
    "flake-parts": {
      "inputs": {
        "nixpkgs-lib": [
          "neovim-nightly-overlay",
          "nixpkgs"
        ]
      },
      "locked": {
        "lastModified": 1763759067,
        "narHash": "sha256-LlLt2Jo/gMNYAwOgdRQBrsRoOz7BPRkzvNaI/fzXi2Q=",
        "owner": "hercules-ci",
        "repo": "flake-parts",
        "rev": "2cccadc7357c0ba201788ae99c4dfa90728ef5e0",
        "type": "github"
      },
      "original": {
        "owner": "hercules-ci",
        "repo": "flake-parts",
        "type": "github"
      }
    },
    "home-manager": {
      "inputs": {
        "nixpkgs": [
          "nixpkgs"
        ]
      },
      "locked": {
        "lastModified": 1763906693,
        "narHash": "sha256-inm7paa3myo8gE4TzjM8OPvsEg8xocWreIZBgBPEKgo=",
        "owner": "nix-community",
        "repo": "home-manager",
        "rev": "3d6c1c8fa0bea3a1a7ba23d6fa5993116766073b",
        "type": "github"
      },
      "original": {
        "owner": "nix-community",
        "repo": "home-manager",
        "type": "github"
      }
    },
    "musnix": {
      "inputs": {
        "nixpkgs": [
          "nixpkgs"
        ]
      },
      "locked": {
        "lastModified": 1763506376,
        "narHash": "sha256-ujnlIzFgK/Xkn5J9MEhjc9x0Bz18DoeDJ0JDp3oERmo=",
        "owner": "musnix",
        "repo": "musnix",
        "rev": "74e212f6dc0e5330c3cf3caa53df5985b5566936",
        "type": "github"
      },
      "original": {
        "owner": "musnix",
        "repo": "musnix",
        "type": "github"
      }
    },
    "neovim-nightly-overlay": {
      "inputs": {
        "flake-parts": "flake-parts",
        "neovim-src": "neovim-src",
        "nixpkgs": [
          "nixpkgs"
        ]
      },
      "locked": {
        "lastModified": 1763856300,
        "narHash": "sha256-OXe/ZZqYoDmjqy19fuJzE9oR6XQH8IEGYjkDGGdQB5M=",
        "owner": "nix-community",
        "repo": "neovim-nightly-overlay",
        "rev": "3e067256eaa258df675cafaed2bcef55b41ecb60",
        "type": "github"
      },
      "original": {
        "owner": "nix-community",
        "repo": "neovim-nightly-overlay",
        "type": "github"
      }
    },
    "neovim-src": {
      "flake": false,
      "locked": {
        "lastModified": 1763846764,
        "narHash": "sha256-MTdbS6zBlxLJCMtPU394xUHk+wnK8aqVj4egblAiGGo=",
        "owner": "neovim",
        "repo": "neovim",
        "rev": "4bbdffe8298e8bf6e0590684092a25f5effc0f14",
        "type": "github"
      },
      "original": {
        "owner": "neovim",
        "repo": "neovim",
        "type": "github"
      }
    },
    "nfnl": {
      "flake": false,
      "locked": {
        "lastModified": 1762097023,
        "narHash": "sha256-g8YfvFPvIXQoaT9g7Hsvr9W4XRuLoGMi5psp4awfQhQ=",
        "ref": "refs/heads/main",
        "rev": "fecf731e02bc51d88372c4f992fe1ef0c19c02ae",
        "revCount": 326,
        "type": "git",
        "url": "https://github.com/Olical/nfnl"
      },
      "original": {
        "type": "git",
        "url": "https://github.com/Olical/nfnl"
      }
    },
    "nix-darwin": {
      "inputs": {
        "nixpkgs": [
          "nixpkgs"
        ]
      },
      "locked": {
        "lastModified": 1763505477,
        "narHash": "sha256-nJRd4LY2kT3OELfHqdgWjvToNZ4w+zKCMzS2R6z4sXE=",
        "owner": "LnL7",
        "repo": "nix-darwin",
        "rev": "3bda9f6b14161becbd07b3c56411f1670e19b9b5",
        "type": "github"
      },
      "original": {
        "owner": "LnL7",
        "repo": "nix-darwin",
        "type": "github"
      }
    },
    "nixos-hardware": {
      "locked": {
        "lastModified": 1762847253,
        "narHash": "sha256-BWWnUUT01lPwCWUvS0p6Px5UOBFeXJ8jR+ZdLX8IbrU=",
        "owner": "NixOS",
        "repo": "nixos-hardware",
        "rev": "899dc449bc6428b9ee6b3b8f771ca2b0ef945ab9",
        "type": "github"
      },
      "original": {
        "owner": "NixOS",
        "ref": "master",
        "repo": "nixos-hardware",
        "type": "github"
      }
    },
    "nixpkgs": {
      "locked": {
        "lastModified": 1763678758,
        "narHash": "sha256-+hBiJ+kG5IoffUOdlANKFflTT5nO3FrrR2CA3178Y5s=",
        "owner": "nixos",
        "repo": "nixpkgs",
        "rev": "117cc7f94e8072499b0a7aa4c52084fa4e11cc9b",
        "type": "github"
      },
      "original": {
        "owner": "nixos",
        "ref": "nixos-unstable",
        "repo": "nixpkgs",
        "type": "github"
      }
    },
    "nixpkgs-betaflight": {
      "locked": {
        "lastModified": 1707336555,
        "narHash": "sha256-1fVG76c48mWeUBI3IQvRFCSrmyVyEc9dEIi5sky98Sg=",
        "owner": "nixos",
        "repo": "nixpkgs",
        "rev": "c9223ea44c223379f22a091c57700fa378a758df",
        "type": "github"
      },
      "original": {
        "owner": "nixos",
        "repo": "nixpkgs",
        "rev": "c9223ea44c223379f22a091c57700fa378a758df",
        "type": "github"
      }
    },
    "none-ls": {
      "flake": false,
      "locked": {
        "lastModified": 1763897466,
        "narHash": "sha256-mH5PtqsXJ5Y9Y7ys6c3uQL/ukJ4rVNUGdL07DBhO9iw=",
        "ref": "refs/heads/main",
        "rev": "c27ba0de5ad1309966a9180c0b33b7b0d2e66445",
        "revCount": 2350,
        "type": "git",
        "url": "https://github.com/nvimtools/none-ls.nvim"
      },
      "original": {
        "type": "git",
        "url": "https://github.com/nvimtools/none-ls.nvim"
      }
    },
    "nvim-grey": {
      "flake": false,
      "locked": {
        "lastModified": 1763384643,
        "narHash": "sha256-hBmuSrFjmt/6bWiISTgSbkdQcw7wb22DGMfLmhGy1gs=",
        "ref": "refs/heads/main",
        "rev": "62d268a3e582b846f5c20a895a07bd7d563e9db9",
        "revCount": 146,
        "type": "git",
        "url": "https://github.com/yorickpeterse/nvim-grey"
      },
      "original": {
        "type": "git",
        "url": "https://github.com/yorickpeterse/nvim-grey"
      }
    },
    "other-nvim": {
      "flake": false,
      "locked": {
        "lastModified": 1746816292,
        "narHash": "sha256-OZqpCpgbo5ULYTtthCIS/3Hs4k+dVOVkY2dKxQ1KF24=",
        "ref": "refs/heads/main",
        "rev": "1d48e090f6d1d53dda9fb5094af3f2006ebbb858",
        "revCount": 131,
        "type": "git",
        "url": "https://github.com/rgroli/other.nvim"
      },
      "original": {
        "type": "git",
        "url": "https://github.com/rgroli/other.nvim"
      }
    },
    "root": {
      "inputs": {
        "chrisbra-colorizer": "chrisbra-colorizer",
        "clay-nvim": "clay-nvim",
        "co-author": "co-author",
        "conform": "conform",
        "conjure": "conjure",
        "home-manager": "home-manager",
        "musnix": "musnix",
        "neovim-nightly-overlay": "neovim-nightly-overlay",
        "nfnl": "nfnl",
        "nix-darwin": "nix-darwin",
        "nixos-hardware": "nixos-hardware",
        "nixpkgs": "nixpkgs",
        "nixpkgs-betaflight": "nixpkgs-betaflight",
        "none-ls": "none-ls",
        "nvim-grey": "nvim-grey",
        "other-nvim": "other-nvim",
        "tsc-nvim": "tsc-nvim",
        "vim-rest-console": "vim-rest-console",
        "wiki-vim": "wiki-vim"
      }
    },
    "tsc-nvim": {
      "flake": false,
      "locked": {
        "lastModified": 1762952759,
        "narHash": "sha256-R8iMrKepiOGuStj93SZ67EIAwlicoUvHKJI8qKzimh4=",
        "ref": "refs/heads/main",
        "rev": "e4773833726beec2e8a8e11f0b21613b5472b97b",
        "revCount": 49,
        "type": "git",
        "url": "https://github.com/dmmulroy/tsc.nvim"
      },
      "original": {
        "type": "git",
        "url": "https://github.com/dmmulroy/tsc.nvim"
      }
    },
    "vim-rest-console": {
      "flake": false,
      "locked": {
        "lastModified": 1553296776,
        "narHash": "sha256-Us7LLK/GJsFyIIROGn4y0k8c3yz+Y/X+WWwHcRqL+PQ=",
        "ref": "refs/heads/master",
        "rev": "7b407f47185468d1b57a8bd71cdd66c9a99359b2",
        "revCount": 104,
        "type": "git",
        "url": "https://github.com/diepm/vim-rest-console"
      },
      "original": {
        "type": "git",
        "url": "https://github.com/diepm/vim-rest-console"
      }
    },
    "wiki-vim": {
      "flake": false,
      "locked": {
        "lastModified": 1763768820,
        "narHash": "sha256-s/N5m+50eQbg96MxDSCTWBZRWD2OdCrds6b8NqOLWSs=",
        "ref": "refs/heads/master",
        "rev": "257d610c6a2403fb2dcec9e8c05c54e60a58ed41",
        "revCount": 1308,
        "type": "git",
        "url": "https://github.com/lervag/wiki.vim"
      },
      "original": {
        "type": "git",
        "url": "https://github.com/lervag/wiki.vim"
      }
    }
  },
  "root": "root",
  "version": 7
}
